Microsoft Visual Studio Solution File, Format Version 12.00
# Visual Studio Version 16
VisualStudioVersion = 16.0.29709.97
MinimumVisualStudioVersion = 10.0.40219.1
Project("{FAE04EC0-301F-11D3-BF4B-00C04F79EFBC}") = "XamJuly.Android", "XamJuly.Android\XamJuly.Android.csproj", "{E48754DB-3E33-4DE0-8C0B-550C660069A5}"
EndProject
Project("{FAE04EC0-301F-11D3-BF4B-00C04F79EFBC}") = "XamJuly.iOS", "XamJuly.iOS\XamJuly.iOS.csproj", "{24F62A33-ACBE-43CB-97B6-69B297B128B5}"
EndProject
Project("{9A19103F-16F7-4668-BE54-9A1E7A4F7556}") = "XamJuly", "XamJuly\XamJuly.csproj", "{5B5118D5-F2E5-4EF2-A4A4-B3DE9171F3B0}"
EndProject
Global
	GlobalSection(SolutionConfigurationPlatforms) = preSolution
		Debug|Any CPU = Debug|Any CPU
		Debug|iPhone = Debug|iPhone
		Debug|iPhoneSimulator = Debug|iPhoneSimulator
		Release|Any CPU = Release|Any CPU
		Release|iPhone = Release|iPhone
		Release|iPhoneSimulator = Release|iPhoneSimulator
	EndGlobalSection
	GlobalSection(ProjectConfigurationPlatforms) = postSolution
		{E48754DB-3E33-4DE0-8C0B-550C660069A5}.Debug|Any CPU.ActiveCfg = Debug|Any CPU
		{E48754DB-3E33-4DE0-8C0B-550C660069A5}.Debug|Any CPU.Build.0 = Debug|Any CPU
		{E48754DB-3E33-4DE0-8C0B-550C660069A5}.Debug|Any CPU.Deploy.0 = Debug|Any CPU
		{E48754DB-3E33-4DE0-8C0B-550C660069A5}.Debug|iPhone.ActiveCfg = Debug|Any CPU
		{E48754DB-3E33-4DE0-8C0B-550C660069A5}.Debug|iPhone.Build.0 = Debug|Any CPU
		{E48754DB-3E33-4DE0-8C0B-550C660069A5}.Debug|iPhoneSimulator.ActiveCfg = Debug|Any CPU
		{E48754DB-3E33-4DE0-8C0B-550C660069A5}.Debug|iPhoneSimulator.Build.0 = Debug|Any CPU
		{E48754DB-3E33-4DE0-8C0B-550C660069A5}.Release|Any CPU.ActiveCfg = Release|Any CPU
		{E48754DB-3E33-4DE0-8C0B-550C660069A5}.Release|Any CPU.Build.0 = Release|Any CPU
		{E48754DB-3E33-4DE0-8C0B-550C660069A5}.Release|iPhone.ActiveCfg = Release|Any CPU
		{E48754DB-3E33-4DE0-8C0B-550C660069A5}.Release|iPhone.Build.0 = Release|Any CPU
		{E48754DB-3E33-4DE0-8C0B-550C660069A5}.Release|iPhoneSimulator.ActiveCfg = Release|Any CPU
		{E48754DB-3E33-4DE0-8C0B-550C660069A5}.Release|iPhoneSimulator.Build.0 = Release|Any CPU
		{24F62A33-ACBE-43CB-97B6-69B297B128B5}.Debug|Any CPU.ActiveCfg = Debug|iPhoneSimulator
		{24F62A33-ACBE-43CB-97B6-69B297B128B5}.Debug|Any CPU.Build.0 = Debug|iPhoneSimulator
		{24F62A33-ACBE-43CB-97B6-69B297B128B5}.Debug|iPhone.ActiveCfg = Debug|iPhone
		{24F62A33-ACBE-43CB-97B6-69B297B128B5}.Debug|iPhone.Build.0 = Debug|iPhone
		{24F62A33-ACBE-43CB-97B6-69B297B128B5}.Debug|iPhoneSimulator.ActiveCfg = Debug|iPhoneSimulator
		{24F62A33-ACBE-43CB-97B6-69B297B128B5}.Debug|iPhoneSimulator.Build.0 = Debug|iPhoneSimulator
		{24F62A33-ACBE-43CB-97B6-69B297B128B5}.Release|Any CPU.ActiveCfg = Release|iPhoneSimulator
		{24F62A33-ACBE-43CB-97B6-69B297B128B5}.Release|Any CPU.Build.0 = Release|iPhoneSimulator
		{24F62A33-ACBE-43CB-97B6-69B297B128B5}.Release|iPhone.ActiveCfg = Release|iPhone
		{24F62A33-ACBE-43CB-97B6-69B297B128B5}.Release|iPhone.Build.0 = Release|iPhone
		{24F62A33-ACBE-43CB-97B6-69B297B128B5}.Release|iPhoneSimulator.ActiveCfg = Release|iPhoneSimulator
		{24F62A33-ACBE-43CB-97B6-69B297B128B5}.Release|iPhoneSimulator.Build.0 = Release|iPhoneSimulator
		{5B5118D5-F2E5-4EF2-A4A4-B3DE9171F3B0}.Debug|Any CPU.ActiveCfg = Debug|Any CPU
		{5B5118D5-F2E5-4EF2-A4A4-B3DE9171F3B0}.Debug|Any CPU.Build.0 = Debug|Any CPU
		{5B5118D5-F2E5-4EF2-A4A4-B3DE9171F3B0}.Debug|iPhone.ActiveCfg = Debug|Any CPU
		{5B5118D5-F2E5-4EF2-A4A4-B3DE9171F3B0}.Debug|iPhone.Build.0 = Debug|Any CPU
		{5B5118D5-F2E5-4EF2-A4A4-B3DE9171F3B0}.Debug|iPhoneSimulator.ActiveCfg = Debug|Any CPU
		{5B5118D5-F2E5-4EF2-A4A4-B3DE9171F3B0}.Debug|iPhoneSimulator.Build.0 = Debug|Any CPU
		{5B5118D5-F2E5-4EF2-A4A4-B3DE9171F3B0}.Release|Any CPU.ActiveCfg = Release|Any CPU
		{5B5118D5-F2E5-4EF2-A4A4-B3DE9171F3B0}.Release|Any CPU.Build.0 = Release|Any CPU
		{5B5118D5-F2E5-4EF2-A4A4-B3DE9171F3B0}.Release|iPhone.ActiveCfg = Release|Any CPU
		{5B5118D5-F2E5-4EF2-A4A4-B3DE9171F3B0}.Release|iPhone.Build.0 = Release|Any CPU
		{5B5118D5-F2E5-4EF2-A4A4-B3DE9171F3B0}.Release|iPhoneSimulator.ActiveCfg = Release|Any CPU
		{5B5118D5-F2E5-4EF2-A4A4-B3DE9171F3B0}.Release|iPhoneSimulator.Build.0 = Release|Any CPU
	EndGlobalSection
	GlobalSection(SolutionProperties) = preSolution
		HideSolutionNode = FALSE
	EndGlobalSection
	GlobalSection(ExtensibilityGlobals) = postSolution
		SolutionGuid = {B4CDBA76-5D51-4FCE-B63F-2F0D3CA065E4}
	EndGlobalSection
EndGlobal
